
Microsoft Visual Studio Solution File, Format Version 12.00
# Visual Studio 15
VisualStudioVersion = 15.0.26730.16
MinimumVisualStudioVersion = 10.0.40219.1
Project("{FAE04EC0-301F-11D3-BF4B-00C04F79EFBC}") = "Console1", "Console1\Console1.csproj", "{E81AA0EA-142B-469B-B478-CD1C0C6607A5}"
EndProject
Global
	GlobalSection(SolutionConfigurationPlatforms) = preSolution
		Debug|Any CPU = Debug|Any CPU
		Release|Any CPU = Release|Any CPU
	EndGlobalSection
	GlobalSection(ProjectConfigurationPlatforms) = postSolution
		{E81AA0EA-142B-469B-B478-CD1C0C6607A5}.Debug|Any CPU.ActiveCfg = Debug|Any CPU
		{E81AA0EA-142B-469B-B478-CD1C0C6607A5}.Debug|Any CPU.Build.0 = Debug|Any CPU
		{E81AA0EA-142B-469B-B478-CD1C0C6607A5}.Release|Any CPU.ActiveCfg = Release|Any CPU
		{E81AA0EA-142B-469B-B478-CD1C0C6607A5}.Release|Any CPU.Build.0 = Release|Any CPU
	EndGlobalSection
	GlobalSection(SolutionProperties) = preSolution
		HideSolutionNode = FALSE
	EndGlobalSection
	GlobalSection(ExtensibilityGlobals) = postSolution
		SolutionGuid = {EF9FDE50-BF6B-424D-81BA-9CE148A0824E}
	EndGlobalSection
EndGlobal
